
Microsoft Visual Studio Solution File, Format Version 12.00
# Visual Studio Version 17
VisualStudioVersion = 17.7.34202.233
MinimumVisualStudioVersion = 10.0.40219.1
Project("{FAE04EC0-301F-11D3-BF4B-00C04F79EFBC}") = "Store", "Store\Store.csproj", "{5EB164F6-7738-4E27-9799-7FFF7E96CDA2}"
EndProject
Global
	GlobalSection(SolutionConfigurationPlatforms) = preSolution
		Debug|Any CPU = Debug|Any CPU
		Release|Any CPU = Release|Any CPU
	EndGlobalSection
	GlobalSection(ProjectConfigurationPlatforms) = postSolution
		{5EB164F6-7738-4E27-9799-7FFF7E96CDA2}.Debug|Any CPU.ActiveCfg = Debug|Any CPU
		{5EB164F6-7738-4E27-9799-7FFF7E96CDA2}.Debug|Any CPU.Build.0 = Debug|Any CPU
		{5EB164F6-7738-4E27-9799-7FFF7E96CDA2}.Release|Any CPU.ActiveCfg = Release|Any CPU
		{5EB164F6-7738-4E27-9799-7FFF7E96CDA2}.Release|Any CPU.Build.0 = Release|Any CPU
	EndGlobalSection
	GlobalSection(SolutionProperties) = preSolution
		HideSolutionNode = FALSE
	EndGlobalSection
	GlobalSection(ExtensibilityGlobals) = postSolution
		SolutionGuid = {DC3BA5F7-7DBF-4911-B923-DE132FA1678B}
	EndGlobalSection
EndGlobal
